// !$*UTF8*$!
{
	archiveVersion = 1;
	classes = {
	};
	objectVersion = 46;
	objects = {

/* Begin PBXBuildFile section */
		F04296B11BEFF1C90078CB4E /* AppDelegate.swift in Sources */ = {isa = PBXBuildFile; fileRef = F04296B01BEFF1C90078CB4E /* AppDelegate.swift */; };
		F04296B31BEFF1C90078CB4E /* ViewController.swift in Sources */ = {isa = PBXBuildFile; fileRef = F04296B21BEFF1C90078CB4E /* ViewController.swift */; };
		F04296B61BEFF1C90078CB4E /* Main.storyboard in Resources */ = {isa = PBXBuildFile; fileRef = F04296B41BEFF1C90078CB4E /* Main.storyboard */; };
		F04296B81BEFF1C90078CB4E /* Assets.xcassets in Resources */ = {isa = PBXBuildFile; fileRef = F04296B71BEFF1C90078CB4E /* Assets.xcassets */; };
		F04296BB1BEFF1C90078CB4E /* LaunchScreen.storyboard in Resources */ = {isa = PBXBuildFile; fileRef = F04296B91BEFF1C90078CB4E /* LaunchScreen.storyboard */; };
		F04296C61BEFF1CB0078CB4E /* JuegoDeMemoriaTests.swift in Sources */ = {isa = PBXBuildFile; fileRef = F04296C51BEFF1CB0078CB4E /* JuegoDeMemoriaTests.swift */; };
		F04296D11BEFF1CC0078CB4E /* JuegoDeMemoriaUITests.swift in Sources */ = {isa = PBXBuildFile; fileRef = F04296D01BEFF1CC0078CB4E /* JuegoDeMemoriaUITests.swift */; };
/* End PBXBuildFile section */

/* Begin PBXContainerItemProxy section */
		F04296C21BEFF1CB0078CB4E /* PBXContainerItemProxy */ = {
			isa = PBXContainerItemProxy;
			containerPortal = F04296A51BEFF1C70078CB4E /* Project object */;
			proxyType = 1;
			remoteGlobalIDString = F04296AC1BEFF1C80078CB4E;
			remoteInfo = JuegoDeMemoria;
		};
		F04296CD1BEFF1CC0078CB4E /* PBXContainerItemProxy */ = {
			isa = PBXContainerItemProxy;
			containerPortal = F04296A51BEFF1C70078CB4E /* Project object */;
			proxyType = 1;
			remoteGlobalIDString = F04296AC1BEFF1C80078CB4E;
			remoteInfo = JuegoDeMemoria;
		};
/* End PBXContainerItemProxy section */

/* Begin PBXFileReference section */
		F04296AD1BEFF1C90078CB4E /* JuegoDeMemoria.app */ = {isa = PBXFileReference; explicitFileType = wrapper.application; includeInIndex = 0; path = JuegoDeMemoria.app; sourceTree = BUILT_PRODUCTS_DIR; };
		F04296B01BEFF1C90078CB4E /* AppDelegate.swift */ = {isa = PBXFileReference; lastKnownFileType = sourcecode.swift; path = AppDelegate.swift; sourceTree = "<group>"; };
		F04296B21BEFF1C90078CB4E /* ViewController.swift */ = {isa = PBXFileReference; lastKnownFileType = sourcecode.swift; path = ViewController.swift; sourceTree = "<group>"; };
		F04296B51BEFF1C90078CB4E /* Base */ = {isa = PBXFileReference; lastKnownFileType = file.storyboard; name = Base; path = Base.lproj/Main.storyboard; sourceTree = "<group>"; };
		F04296B71BEFF1C90078CB4E /* Assets.xcassets */ = {isa = PBXFileReference; lastKnownFileType = folder.assetcatalog; path = Assets.xcassets; sourceTree = "<group>"; };
		F04296BA1BEFF1C90078CB4E /* Base */ = {isa = PBXFileReference; lastKnownFileType = file.storyboard; name = Base; path = Base.lproj/LaunchScreen.storyboard; sourceTree = "<group>"; };
		F04296BC1BEFF1CA0078CB4E /* Info.plist */ = {isa = PBXFileReference; lastKnownFileType = text.plist.xml; path = Info.plist; sourceTree = "<group>"; };
		F04296C11BEFF1CB0078CB4E /* JuegoDeMemoriaTests.xctest */ = {isa = PBXFileReference; explicitFileType = wrapper.cfbundle; includeInIndex = 0; path = JuegoDeMemoriaTests.xctest; sourceTree = BUILT_PRODUCTS_DIR; };
		F04296C51BEFF1CB0078CB4E /* JuegoDeMemoriaTests.swift */ = {isa = PBXFileReference; lastKnownFileType = sourcecode.swift; path = JuegoDeMemoriaTests.swift; sourceTree = "<group>"; };
		F04296C71BEFF1CB0078CB4E /* Info.plist */ = {isa = PBXFileReference; lastKnownFileType = text.plist.xml; path = Info.plist; sourceTree = "<group>"; };
		F04296CC1BEFF1CC0078CB4E /* JuegoDeMemoriaUITests.xctest */ = {isa = PBXFileReference; explicitFileType = wrapper.cfbundle; includeInIndex = 0; path = JuegoDeMemoriaUITests.xctest; sourceTree = BUILT_PRODUCTS_DIR; };
		F04296D01BEFF1CC0078CB4E /* JuegoDeMemoriaUITests.swift */ = {isa = PBXFileReference; lastKnownFileType = sourcecode.swift; path = JuegoDeMemoriaUITests.swift; sourceTree = "<group>"; };
		F04296D21BEFF1CC0078CB4E /* Info.plist */ = {isa = PBXFileReference; lastKnownFileType = text.plist.xml; path = Info.plist; sourceTree = "<group>"; };
/* End PBXFileReference section */

/* Begin PBXFrameworksBuildPhase section */
		F04296AA1BEFF1C80078CB4E /* Frameworks */ = {
			isa = PBXFrameworksBuildPhase;
			buildActionMask = 2147483647;
			files = (
			);
			runOnlyForDeploymentPostprocessing = 0;
		};
		F04296BE1BEFF1CB0078CB4E /* Frameworks */ = {
			isa = PBXFrameworksBuildPhase;
			buildActionMask = 2147483647;
			files = (
			);
			runOnlyForDeploymentPostprocessing = 0;
		};
		F04296C91BEFF1CB0078CB4E /* Frameworks */ = {
			isa = PBXFrameworksBuildPhase;
			buildActionMask = 2147483647;
			files = (
			);
			runOnlyForDeploymentPostprocessing = 0;
		};
/* End PBXFrameworksBuildPhase section */

/* Begin PBXGroup section */
		F04296A41BEFF1C70078CB4E = {
			isa = PBXGroup;
			children = (
				F04296AF1BEFF1C90078CB4E /* JuegoDeMemoria */,
				F04296C41BEFF1CB0078CB4E /* JuegoDeMemoriaTests */,
				F04296CF1BEFF1CC0078CB4E /* JuegoDeMemoriaUITests */,
				F04296AE1BEFF1C90078CB4E /* Products */,
			);
			sourceTree = "<group>";
		};
		F04296AE1BEFF1C90078CB4E /* Products */ = {
			isa = PBXGroup;
			children = (
				F04296AD1BEFF1C90078CB4E /* JuegoDeMemoria.app */,
				F04296C11BEFF1CB0078CB4E /* JuegoDeMemoriaTests.xctest */,
				F04296CC1BEFF1CC0078CB4E /* JuegoDeMemoriaUITests.xctest */,
			);
			name = Products;
			sourceTree = "<group>";
		};
		F04296AF1BEFF1C90078CB4E /* JuegoDeMemoria */ = {
			isa = PBXGroup;
			children = (
				F04296B01BEFF1C90078CB4E /* AppDelegate.swift */,
				F04296B21BEFF1C90078CB4E /* ViewController.swift */,
				F04296B41BEFF1C90078CB4E /* Main.storyboard */,
				F04296B71BEFF1C90078CB4E /* Assets.xcassets */,
				F04296B91BEFF1C90078CB4E /* LaunchScreen.storyboard */,
				F04296BC1BEFF1CA0078CB4E /* Info.plist */,
			);
			path = JuegoDeMemoria;
			sourceTree = "<group>";
		};
		F04296C41BEFF1CB0078CB4E /* JuegoDeMemoriaTests */ = {
			isa = PBXGroup;
			children = (
				F04296C51BEFF1CB0078CB4E /* JuegoDeMemoriaTests.swift */,
				F04296C71BEFF1CB0078CB4E /* Info.plist */,
			);
			path = JuegoDeMemoriaTests;
			sourceTree = "<group>";
		};
		F04296CF1BEFF1CC0078CB4E /* JuegoDeMemoriaUITests */ = {
			isa = PBXGroup;
			children = (
				F04296D01BEFF1CC0078CB4E /* JuegoDeMemoriaUITests.swift */,
				F04296D21BEFF1CC0078CB4E /* Info.plist */,
			);
			path = JuegoDeMemoriaUITests;
			sourceTree = "<group>";
		};
/* End PBXGroup section */

/* Begin PBXNativeTarget section */
		F04296AC1BEFF1C80078CB4E /* JuegoDeMemoria */ = {
			isa = PBXNativeTarget;
			buildConfigurationList = F04296D51BEFF1CC0078CB4E /* Build configuration list for PBXNativeTarget "JuegoDeMemoria" */;
			buildPhases = (
				F04296A91BEFF1C80078CB4E /* Sources */,
				F04296AA1BEFF1C80078CB4E /* Frameworks */,
				F04296AB1BEFF1C80078CB4E /* Resources */,
			);
			buildRules = (
			);
			dependencies = (
			);
			name = JuegoDeMemoria;
			productName = JuegoDeMemoria;
			productReference = F04296AD1BEFF1C90078CB4E /* JuegoDeMemoria.app */;
			productType = "com.apple.product-type.application";
		};
		F04296C01BEFF1CB0078CB4E /* JuegoDeMemoriaTests */ = {
			isa = PBXNativeTarget;
			buildConfigurationList = F04296D81BEFF1CC0078CB4E /* Build configuration list for PBXNativeTarget "JuegoDeMemoriaTests" */;
			buildPhases = (
				F04296BD1BEFF1CB0078CB4E /* Sources */,
				F04296BE1BEFF1CB0078CB4E /* Frameworks */,
				F04296BF1BEFF1CB0078CB4E /* Resources */,
			);
			buildRules = (
			);
			dependencies = (
				F04296C31BEFF1CB0078CB4E /* PBXTargetDependency */,
			);
			name = JuegoDeMemoriaTests;
			productName = JuegoDeMemoriaTests;
			productReference = F04296C11BEFF1CB0078CB4E /* JuegoDeMemoriaTests.xctest */;
			productType = "com.apple.product-type.bundle.unit-test";
		};
		F04296CB1BEFF1CB0078CB4E /* JuegoDeMemoriaUITests */ = {
			isa = PBXNativeTarget;
			buildConfigurationList = F04296DB1BEFF1CC0078CB4E /* Build configuration list for PBXNativeTarget "JuegoDeMemoriaUITests" */;
			buildPhases = (
				F04296C81BEFF1CB0078CB4E /* Sources */,
				F04296C91BEFF1CB0078CB4E /* Frameworks */,
				F04296CA1BEFF1CB0078CB4E /* Resources */,
			);
			buildRules = (
			);
			dependencies = (
				F04296CE1BEFF1CC0078CB4E /* PBXTargetDependency */,
			);
			name = JuegoDeMemoriaUITests;
			productName = JuegoDeMemoriaUITests;
			productReference = F04296CC1BEFF1CC0078CB4E /* JuegoDeMemoriaUITests.xctest */;
			productType = "com.apple.product-type.bundle.ui-testing";
		};
/* End PBXNativeTarget section */

/* Begin PBXProject section */
		F04296A51BEFF1C70078CB4E /* Project object */ = {
			isa = PBXProject;
			attributes = {
				LastSwiftUpdateCheck = 0720;
				LastUpgradeCheck = 0720;
				ORGANIZATIONNAME = AbrilBello;
				TargetAttributes = {
					F04296AC1BEFF1C80078CB4E = {
						CreatedOnToolsVersion = 7.2;
					};
					F04296C01BEFF1CB0078CB4E = {
						CreatedOnToolsVersion = 7.2;
						TestTargetID = F04296AC1BEFF1C80078CB4E;
					};
					F04296CB1BEFF1CB0078CB4E = {
						CreatedOnToolsVersion = 7.2;
						TestTargetID = F04296AC1BEFF1C80078CB4E;
					};
				};
			};
			buildConfigurationList = F04296A81BEFF1C80078CB4E /* Build configuration list for PBXProject "JuegoDeMemoria" */;
			compatibilityVersion = "Xcode 3.2";
			developmentRegion = English;
			hasScannedForEncodings = 0;
			knownRegions = (
				en,
				Base,
			);
			mainGroup = F04296A41BEFF1C70078CB4E;
			productRefGroup = F04296AE1BEFF1C90078CB4E /* Products */;
			projectDirPath = "";
			projectRoot = "";
			targets = (
				F04296AC1BEFF1C80078CB4E /* JuegoDeMemoria */,
				F04296C01BEFF1CB0078CB4E /* JuegoDeMemoriaTests */,
				F04296CB1BEFF1CB0078CB4E /* JuegoDeMemoriaUITests */,
			);
		};
/* End PBXProject section */

/* Begin PBXResourcesBuildPhase section */
		F04296AB1BEFF1C80078CB4E /* Resources */ = {
			isa = PBXResourcesBuildPhase;
			buildActionMask = 2147483647;
			files = (
				F04296BB1BEFF1C90078CB4E /* LaunchScreen.storyboard in Resources */,
				F04296B81BEFF1C90078CB4E /* Assets.xcassets in Resources */,
				F04296B61BEFF1C90078CB4E /* Main.storyboard in Resources */,
			);
			runOnlyForDeploymentPostprocessing = 0;
		};
		F04296BF1BEFF1CB0078CB4E /* Resources */ = {
			isa = PBXResourcesBuildPhase;
			buildActionMask = 2147483647;
			files = (
			);
			runOnlyForDeploymentPostprocessing = 0;
		};
		F04296CA1BEFF1CB0078CB4E /* Resources */ = {
			isa = PBXResourcesBuildPhase;
			buildActionMask = 2147483647;
			files = (
			);
			runOnlyForDeploymentPostprocessing = 0;
		};
/* End PBXResourcesBuildPhase section */

/* Begin PBXSourcesBuildPhase section */
		F04296A91BEFF1C80078CB4E /* Sources */ = {
			isa = PBXSourcesBuildPhase;
			buildActionMask = 2147483647;
			files = (
				F04296B31BEFF1C90078CB4E /* ViewController.swift in Sources */,
				F04296B11BEFF1C90078CB4E /* AppDelegate.swift in Sources */,
			);
			runOnlyForDeploymentPostprocessing = 0;
		};
		F04296BD1BEFF1CB0078CB4E /* Sources */ = {
			isa = PBXSourcesBuildPhase;
			buildActionMask = 2147483647;
			files = (
				F04296C61BEFF1CB0078CB4E /* JuegoDeMemoriaTests.swift in Sources */,
			);
			runOnlyForDeploymentPostprocessing = 0;
		};
		F04296C81BEFF1CB0078CB4E /* Sources */ = {
			isa = PBXSourcesBuildPhase;
			buildActionMask = 2147483647;
			files = (
				F04296D11BEFF1CC0078CB4E /* JuegoDeMemoriaUITests.swift in Sources */,
			);
			runOnlyForDeploymentPostprocessing = 0;
		};
/* End PBXSourcesBuildPhase section */

/* Begin PBXTargetDependency section */
		F04296C31BEFF1CB0078CB4E /* PBXTargetDependency */ = {
			isa = PBXTargetDependency;
			target = F04296AC1BEFF1C80078CB4E /* JuegoDeMemoria */;
			targetProxy = F04296C21BEFF1CB0078CB4E /* PBXContainerItemProxy */;
		};
		F04296CE1BEFF1CC0078CB4E /* PBXTargetDependency */ = {
			isa = PBXTargetDependency;
			target = F04296AC1BEFF1C80078CB4E /* JuegoDeMemoria */;
			targetProxy = F04296CD1BEFF1CC0078CB4E /* PBXContainerItemProxy */;
		};
/* End PBXTargetDependency section */

/* Begin PBXVariantGroup section */
		F04296B41BEFF1C90078CB4E /* Main.storyboard */ = {
			isa = PBXVariantGroup;
			children = (
				F04296B51BEFF1C90078CB4E /* Base */,
			);
			name = Main.storyboard;
			sourceTree = "<group>";
		};
		F04296B91BEFF1C90078CB4E /* LaunchScreen.storyboard */ = {
			isa = PBXVariantGroup;
			children = (
				F04296BA1BEFF1C90078CB4E /* Base */,
			);
			name = LaunchScreen.storyboard;
			sourceTree = "<group>";
		};
/* End PBXVariantGroup section */

/* Begin XCBuildConfiguration section */
		F04296D31BEFF1CC0078CB4E /* Debug */ = {
			isa = XCBuildConfiguration;
			buildSettings = {
				ALWAYS_SEARCH_USER_PATHS = NO;
				CLANG_CXX_LANGUAGE_STANDARD = "gnu++0x";
				CLANG_CXX_LIBRARY = "libc++";
				CLANG_ENABLE_MODULES = YES;
				CLANG_ENABLE_OBJC_ARC = YES;
				CLANG_WARN_BOOL_CONVERSION = YES;
				CLANG_WARN_CONSTANT_CONVERSION = YES;
				CLANG_WARN_DIRECT_OBJC_ISA_USAGE = YES_ERROR;
				CLANG_WARN_EMPTY_BODY = YES;
				CLANG_WARN_ENUM_CONVERSION = YES;
				CLANG_WARN_INT_CONVERSION = YES;
				CLANG_WARN_OBJC_ROOT_CLASS = YES_ERROR;
				CLANG_WARN_UNREACHABLE_CODE = YES;
				CLANG_WARN__DUPLICATE_METHOD_MATCH = YES;
				"CODE_SIGN_IDENTITY[sdk=iphoneos*]" = "iPhone Developer";
				COPY_PHASE_STRIP = NO;
				DEBUG_INFORMATION_FORMAT = dwarf;
				ENABLE_STRICT_OBJC_MSGSEND = YES;
				ENABLE_TESTABILITY = YES;
				GCC_C_LANGUAGE_STANDARD = gnu99;
				GCC_DYNAMIC_NO_PIC = NO;
				GCC_NO_COMMON_BLOCKS = YES;
				GCC_OPTIMIZATION_LEVEL = 0;
				GCC_PREPROCESSOR_DEFINITIONS = (
					"DEBUG=1",
					"$(inherited)",
				);
				GCC_WARN_64_TO_32_BIT_CONVERSION = YES;
				GCC_WARN_ABOUT_RETURN_TYPE = YES_ERROR;
				GCC_WARN_UNDECLARED_SELECTOR = YES;
				GCC_WARN_UNINITIALIZED_AUTOS = YES_AGGRESSIVE;
				GCC_WARN_UNUSED_FUNCTION = YES;
				GCC_WARN_UNUSED_VARIABLE = YES;
				IPHONEOS_DEPLOYMENT_TARGET = 9.2;
				MTL_ENABLE_DEBUG_INFO = YES;
				ONLY_ACTIVE_ARCH = YES;
				SDKROOT = iphoneos;
				SWIFT_OPTIMIZATION_LEVEL = "-Onone";
				TARGETED_DEVICE_FAMILY = "1,2";
			};
			name = Debug;
		};
		F04296D41BEFF1CC0078CB4E /* Release */ = {
			isa = XCBuildConfiguration;
			buildSettings = {
				ALWAYS_SEARCH_USER_PATHS = NO;
				CLANG_CXX_LANGUAGE_STANDARD = "gnu++0x";
				CLANG_CXX_LIBRARY = "libc++";
				CLANG_ENABLE_MODULES = YES;
				CLANG_ENABLE_OBJC_ARC = YES;
				CLANG_WARN_BOOL_CONVERSION = YES;
				CLANG_WARN_CONSTANT_CONVERSION = YES;
				CLANG_WARN_DIRECT_OBJC_ISA_USAGE = YES_ERROR;
				CLANG_WARN_EMPTY_BODY = YES;
				CLANG_WARN_ENUM_CONVERSION = YES;
				CLANG_WARN_INT_CONVERSION = YES;
				CLANG_WARN_OBJC_ROOT_CLASS = YES_ERROR;
				CLANG_WARN_UNREACHABLE_CODE = YES;
				CLANG_WARN__DUPLICATE_METHOD_MATCH = YES;
				"CODE_SIGN_IDENTITY[sdk=iphoneos*]" = "iPhone Developer";
				COPY_PHASE_STRIP = NO;
				DEBUG_INFORMATION_FORMAT = "dwarf-with-dsym";
				ENABLE_NS_ASSERTIONS = NO;
				ENABLE_STRICT_OBJC_MSGSEND = YES;
				GCC_C_LANGUAGE_STANDARD = gnu99;
				GCC_NO_COMMON_BLOCKS = YES;
				GCC_WARN_64_TO_32_BIT_CONVERSION = YES;
				GCC_WARN_ABOUT_RETURN_TYPE = YES_ERROR;
				GCC_WARN_UNDECLARED_SELECTOR = YES;
				GCC_WARN_UNINITIALIZED_AUTOS = YES_AGGRESSIVE;
				GCC_WARN_UNUSED_FUNCTION = YES;
				GCC_WARN_UNUSED_VARIABLE = YES;
				IPHONEOS_DEPLOYMENT_TARGET = 9.2;
				MTL_ENABLE_DEBUG_INFO = NO;
				SDKROOT = iphoneos;
				TARGETED_DEVICE_FAMILY = "1,2";
				VALIDATE_PRODUCT = YES;
			};
			name = Release;
		};
		F04296D61BEFF1CC0078CB4E /* Debug */ = {
			isa = XCBuildConfiguration;
			buildSettings = {
				ASSETCATALOG_COMPILER_APPICON_NAME = AppIcon;
				INFOPLIST_FILE = JuegoDeMemoria/Info.plist;
				LD_RUNPATH_SEARCH_PATHS = "$(inherited) @executable_path/Frameworks";
				PRODUCT_BUNDLE_IDENTIFIER = AbrilBello.JuegoDeMemoria;
				PRODUCT_NAME = "$(TARGET_NAME)";
			};
			name = Debug;
		};
		F04296D71BEFF1CC0078CB4E /* Release */ = {
			isa = XCBuildConfiguration;
			buildSettings = {
				ASSETCATALOG_COMPILER_APPICON_NAME = AppIcon;
				INFOPLIST_FILE = JuegoDeMemoria/Info.plist;
				LD_RUNPATH_SEARCH_PATHS = "$(inherited) @executable_path/Frameworks";
				PRODUCT_BUNDLE_IDENTIFIER = AbrilBello.JuegoDeMemoria;
				PRODUCT_NAME = "$(TARGET_NAME)";
			};
			name = Release;
		};
		F04296D91BEFF1CC0078CB4E /* Debug */ = {
			isa = XCBuildConfiguration;
			buildSettings = {
				BUNDLE_LOADER = "$(TEST_HOST)";
				INFOPLIST_FILE = JuegoDeMemoriaTests/Info.plist;
				LD_RUNPATH_SEARCH_PATHS = "$(inherited) @executable_path/Frameworks @loader_path/Frameworks";
				PRODUCT_BUNDLE_IDENTIFIER = AbrilBello.JuegoDeMemoriaTests;
				PRODUCT_NAME = "$(TARGET_NAME)";
				TEST_HOST = "$(BUILT_PRODUCTS_DIR)/JuegoDeMemoria.app/JuegoDeMemoria";
			};
			name = Debug;
		};
		F04296DA1BEFF1CC0078CB4E /* Release */ = {
			isa = XCBuildConfiguration;
			buildSettings = {
				BUNDLE_LOADER = "$(TEST_HOST)";
				INFOPLIST_FILE = JuegoDeMemoriaTests/Info.plist;
				LD_RUNPATH_SEARCH_PATHS = "$(inherited) @executable_path/Frameworks @loader_path/Frameworks";
				PRODUCT_BUNDLE_IDENTIFIER = AbrilBello.JuegoDeMemoriaTests;
				PRODUCT_NAME = "$(TARGET_NAME)";
				TEST_HOST = "$(BUILT_PRODUCTS_DIR)/JuegoDeMemoria.app/JuegoDeMemoria";
			};
			name = Release;
		};
		F04296DC1BEFF1CC0078CB4E /* Debug */ = {
			isa = XCBuildConfiguration;
			buildSettings = {
				INFOPLIST_FILE = JuegoDeMemoriaUITests/Info.plist;
				LD_RUNPATH_SEARCH_PATHS = "$(inherited) @executable_path/Frameworks @loader_path/Frameworks";
				PRODUCT_BUNDLE_IDENTIFIER = AbrilBello.JuegoDeMemoriaUITests;
				PRODUCT_NAME = "$(TARGET_NAME)";
				TEST_TARGET_NAME = JuegoDeMemoria;
				USES_XCTRUNNER = YES;
			};
			name = Debug;
		};
		F04296DD1BEFF1CC0078CB4E /* Release */ = {
			isa = XCBuildConfiguration;
			buildSettings = {
				INFOPLIST_FILE = JuegoDeMemoriaUITests/Info.plist;
				LD_RUNPATH_SEARCH_PATHS = "$(inherited) @executable_path/Frameworks @loader_path/Frameworks";
				PRODUCT_BUNDLE_IDENTIFIER = AbrilBello.JuegoDeMemoriaUITests;
				PRODUCT_NAME = "$(TARGET_NAME)";
				TEST_TARGET_NAME = JuegoDeMemoria;
				USES_XCTRUNNER = YES;
			};
			name = Release;
		};
/* End XCBuildConfiguration section */

/* Begin XCConfigurationList section */
		F04296A81BEFF1C80078CB4E /* Build configuration list for PBXProject "JuegoDeMemoria" */ = {
			isa = XCConfigurationList;
			buildConfigurations = (
				F04296D31BEFF1CC0078CB4E /* Debug */,
				F04296D41BEFF1CC0078CB4E /* Release */,
			);
			defaultConfigurationIsVisible = 0;
			defaultConfigurationName = Release;
		};
		F04296D51BEFF1CC0078CB4E /* Build configuration list for PBXNativeTarget "JuegoDeMemoria" */ = {
			isa = XCConfigurationList;
			buildConfigurations = (
				F04296D61BEFF1CC0078CB4E /* Debug */,
				F04296D71BEFF1CC0078CB4E /* Release */,
			);
			defaultConfigurationIsVisible = 0;
		};
		F04296D81BEFF1CC0078CB4E /* Build configuration list for PBXNativeTarget "JuegoDeMemoriaTests" */ = {
			isa = XCConfigurationList;
			buildConfigurations = (
				F04296D91BEFF1CC0078CB4E /* Debug */,
				F04296DA1BEFF1CC0078CB4E /* Release */,
			);
			defaultConfigurationIsVisible = 0;
		};
		F04296DB1BEFF1CC0078CB4E /* Build configuration list for PBXNativeTarget "JuegoDeMemoriaUITests" */ = {
			isa = XCConfigurationList;
			buildConfigurations = (
				F04296DC1BEFF1CC0078CB4E /* Debug */,
				F04296DD1BEFF1CC0078CB4E /* Release */,
			);
			defaultConfigurationIsVisible = 0;
		};
/* End XCConfigurationList section */
	};
	rootObject = F04296A51BEFF1C70078CB4E /* Project object */;
}
